// !$*UTF8*$!
{
	archiveVersion = 1;
	classes = {
	};
	objectVersion = 48;
	objects = {

/* Begin PBXBuildFile section */
		849F46A01EF3CC3800189A4C /* AppDelegate.swift in Sources */ = {isa = PBXBuildFile; fileRef = 849F469F1EF3CC3800189A4C /* AppDelegate.swift */; };
		849F46A21EF3CC3800189A4C /* ViewController.swift in Sources */ = {isa = PBXBuildFile; fileRef = 849F46A11EF3CC3800189A4C /* ViewController.swift */; };
		849F46A51EF3CC3800189A4C /* Main.storyboard in Resources */ = {isa = PBXBuildFile; fileRef = 849F46A31EF3CC3800189A4C /* Main.storyboard */; };
		849F46A71EF3CC3800189A4C /* Assets.xcassets in Resources */ = {isa = PBXBuildFile; fileRef = 849F46A61EF3CC3800189A4C /* Assets.xcassets */; };
		849F46AA1EF3CC3800189A4C /* LaunchScreen.storyboard in Resources */ = {isa = PBXBuildFile; fileRef = 849F46A81EF3CC3800189A4C /* LaunchScreen.storyboard */; };
		849F46B51EF3CC3800189A4C /* Micme_OneTests.swift in Sources */ = {isa = PBXBuildFile; fileRef = 849F46B41EF3CC3800189A4C /* Micme_OneTests.swift */; };
		849F46C01EF3CC3800189A4C /* Micme_OneUITests.swift in Sources */ = {isa = PBXBuildFile; fileRef = 849F46BF1EF3CC3800189A4C /* Micme_OneUITests.swift */; };
/* End PBXBuildFile section */

/* Begin PBXContainerItemProxy section */
		849F46B11EF3CC3800189A4C /* PBXContainerItemProxy */ = {
			isa = PBXContainerItemProxy;
			containerPortal = 849F46941EF3CC3700189A4C /* Project object */;
			proxyType = 1;
			remoteGlobalIDString = 849F469B1EF3CC3800189A4C;
			remoteInfo = Micme.One;
		};
		849F46BC1EF3CC3800189A4C /* PBXContainerItemProxy */ = {
			isa = PBXContainerItemProxy;
			containerPortal = 849F46941EF3CC3700189A4C /* Project object */;
			proxyType = 1;
			remoteGlobalIDString = 849F469B1EF3CC3800189A4C;
			remoteInfo = Micme.One;
		};
/* End PBXContainerItemProxy section */

/* Begin PBXFileReference section */
		849F469C1EF3CC3800189A4C /* Micme.One.app */ = {isa = PBXFileReference; explicitFileType = wrapper.application; includeInIndex = 0; path = Micme.One.app; sourceTree = BUILT_PRODUCTS_DIR; };
		849F469F1EF3CC3800189A4C /* AppDelegate.swift */ = {isa = PBXFileReference; lastKnownFileType = sourcecode.swift; path = AppDelegate.swift; sourceTree = "<group>"; };
		849F46A11EF3CC3800189A4C /* ViewController.swift */ = {isa = PBXFileReference; lastKnownFileType = sourcecode.swift; path = ViewController.swift; sourceTree = "<group>"; };
		849F46A41EF3CC3800189A4C /* Base */ = {isa = PBXFileReference; lastKnownFileType = file.storyboard; name = Base; path = Base.lproj/Main.storyboard; sourceTree = "<group>"; };
		849F46A61EF3CC3800189A4C /* Assets.xcassets */ = {isa = PBXFileReference; lastKnownFileType = folder.assetcatalog; path = Assets.xcassets; sourceTree = "<group>"; };
		849F46A91EF3CC3800189A4C /* Base */ = {isa = PBXFileReference; lastKnownFileType = file.storyboard; name = Base; path = Base.lproj/LaunchScreen.storyboard; sourceTree = "<group>"; };
		849F46AB1EF3CC3800189A4C /* Info.plist */ = {isa = PBXFileReference; lastKnownFileType = text.plist.xml; path = Info.plist; sourceTree = "<group>"; };
		849F46B01EF3CC3800189A4C /* Micme.OneTests.xctest */ = {isa = PBXFileReference; explicitFileType = wrapper.cfbundle; includeInIndex = 0; path = Micme.OneTests.xctest; sourceTree = BUILT_PRODUCTS_DIR; };
		849F46B41EF3CC3800189A4C /* Micme_OneTests.swift */ = {isa = PBXFileReference; lastKnownFileType = sourcecode.swift; path = Micme_OneTests.swift; sourceTree = "<group>"; };
		849F46B61EF3CC3800189A4C /* Info.plist */ = {isa = PBXFileReference; lastKnownFileType = text.plist.xml; path = Info.plist; sourceTree = "<group>"; };
		849F46BB1EF3CC3800189A4C /* Micme.OneUITests.xctest */ = {isa = PBXFileReference; explicitFileType = wrapper.cfbundle; includeInIndex = 0; path = Micme.OneUITests.xctest; sourceTree = BUILT_PRODUCTS_DIR; };
		849F46BF1EF3CC3800189A4C /* Micme_OneUITests.swift */ = {isa = PBXFileReference; lastKnownFileType = sourcecode.swift; path = Micme_OneUITests.swift; sourceTree = "<group>"; };
		849F46C11EF3CC3800189A4C /* Info.plist */ = {isa = PBXFileReference; lastKnownFileType = text.plist.xml; path = Info.plist; sourceTree = "<group>"; };
/* End PBXFileReference section */

/* Begin PBXFrameworksBuildPhase section */
		849F46991EF3CC3800189A4C /* Frameworks */ = {
			isa = PBXFrameworksBuildPhase;
			buildActionMask = 2147483647;
			files = (
			);
			runOnlyForDeploymentPostprocessing = 0;
		};
		849F46AD1EF3CC3800189A4C /* Frameworks */ = {
			isa = PBXFrameworksBuildPhase;
			buildActionMask = 2147483647;
			files = (
			);
			runOnlyForDeploymentPostprocessing = 0;
		};
		849F46B81EF3CC3800189A4C /* Frameworks */ = {
			isa = PBXFrameworksBuildPhase;
			buildActionMask = 2147483647;
			files = (
			);
			runOnlyForDeploymentPostprocessing = 0;
		};
/* End PBXFrameworksBuildPhase section */

/* Begin PBXGroup section */
		849F46931EF3CC3700189A4C = {
			isa = PBXGroup;
			children = (
				849F469E1EF3CC3800189A4C /* Micme.One */,
				849F46B31EF3CC3800189A4C /* Micme.OneTests */,
				849F46BE1EF3CC3800189A4C /* Micme.OneUITests */,
				849F469D1EF3CC3800189A4C /* Products */,
			);
			sourceTree = "<group>";
		};
		849F469D1EF3CC3800189A4C /* Products */ = {
			isa = PBXGroup;
			children = (
				849F469C1EF3CC3800189A4C /* Micme.One.app */,
				849F46B01EF3CC3800189A4C /* Micme.OneTests.xctest */,
				849F46BB1EF3CC3800189A4C /* Micme.OneUITests.xctest */,
			);
			name = Products;
			sourceTree = "<group>";
		};
		849F469E1EF3CC3800189A4C /* Micme.One */ = {
			isa = PBXGroup;
			children = (
				849F469F1EF3CC3800189A4C /* AppDelegate.swift */,
				849F46A11EF3CC3800189A4C /* ViewController.swift */,
				849F46A31EF3CC3800189A4C /* Main.storyboard */,
				849F46A61EF3CC3800189A4C /* Assets.xcassets */,
				849F46A81EF3CC3800189A4C /* LaunchScreen.storyboard */,
				849F46AB1EF3CC3800189A4C /* Info.plist */,
			);
			path = Micme.One;
			sourceTree = "<group>";
		};
		849F46B31EF3CC3800189A4C /* Micme.OneTests */ = {
			isa = PBXGroup;
			children = (
				849F46B41EF3CC3800189A4C /* Micme_OneTests.swift */,
				849F46B61EF3CC3800189A4C /* Info.plist */,
			);
			path = Micme.OneTests;
			sourceTree = "<group>";
		};
		849F46BE1EF3CC3800189A4C /* Micme.OneUITests */ = {
			isa = PBXGroup;
			children = (
				849F46BF1EF3CC3800189A4C /* Micme_OneUITests.swift */,
				849F46C11EF3CC3800189A4C /* Info.plist */,
			);
			path = Micme.OneUITests;
			sourceTree = "<group>";
		};
/* End PBXGroup section */

/* Begin PBXNativeTarget section */
		849F469B1EF3CC3800189A4C /* Micme.One */ = {
			isa = PBXNativeTarget;
			buildConfigurationList = 849F46C41EF3CC3800189A4C /* Build configuration list for PBXNativeTarget "Micme.One" */;
			buildPhases = (
				849F46981EF3CC3800189A4C /* Sources */,
				849F46991EF3CC3800189A4C /* Frameworks */,
				849F469A1EF3CC3800189A4C /* Resources */,
			);
			buildRules = (
			);
			dependencies = (
			);
			name = Micme.One;
			productName = Micme.One;
			productReference = 849F469C1EF3CC3800189A4C /* Micme.One.app */;
			productType = "com.apple.product-type.application";
		};
		849F46AF1EF3CC3800189A4C /* Micme.OneTests */ = {
			isa = PBXNativeTarget;
			buildConfigurationList = 849F46C71EF3CC3800189A4C /* Build configuration list for PBXNativeTarget "Micme.OneTests" */;
			buildPhases = (
				849F46AC1EF3CC3800189A4C /* Sources */,
				849F46AD1EF3CC3800189A4C /* Frameworks */,
				849F46AE1EF3CC3800189A4C /* Resources */,
			);
			buildRules = (
			);
			dependencies = (
				849F46B21EF3CC3800189A4C /* PBXTargetDependency */,
			);
			name = Micme.OneTests;
			productName = Micme.OneTests;
			productReference = 849F46B01EF3CC3800189A4C /* Micme.OneTests.xctest */;
			productType = "com.apple.product-type.bundle.unit-test";
		};
		849F46BA1EF3CC3800189A4C /* Micme.OneUITests */ = {
			isa = PBXNativeTarget;
			buildConfigurationList = 849F46CA1EF3CC3800189A4C /* Build configuration list for PBXNativeTarget "Micme.OneUITests" */;
			buildPhases = (
				849F46B71EF3CC3800189A4C /* Sources */,
				849F46B81EF3CC3800189A4C /* Frameworks */,
				849F46B91EF3CC3800189A4C /* Resources */,
			);
			buildRules = (
			);
			dependencies = (
				849F46BD1EF3CC3800189A4C /* PBXTargetDependency */,
			);
			name = Micme.OneUITests;
			productName = Micme.OneUITests;
			productReference = 849F46BB1EF3CC3800189A4C /* Micme.OneUITests.xctest */;
			productType = "com.apple.product-type.bundle.ui-testing";
		};
/* End PBXNativeTarget section */

/* Begin PBXProject section */
		849F46941EF3CC3700189A4C /* Project object */ = {
			isa = PBXProject;
			attributes = {
				LastSwiftUpdateCheck = 0900;
				LastUpgradeCheck = 0900;
				ORGANIZATIONNAME = IOS;
				TargetAttributes = {
					849F469B1EF3CC3800189A4C = {
						CreatedOnToolsVersion = 9.0;
					};
					849F46AF1EF3CC3800189A4C = {
						CreatedOnToolsVersion = 9.0;
						TestTargetID = 849F469B1EF3CC3800189A4C;
					};
					849F46BA1EF3CC3800189A4C = {
						CreatedOnToolsVersion = 9.0;
						TestTargetID = 849F469B1EF3CC3800189A4C;
					};
				};
			};
			buildConfigurationList = 849F46971EF3CC3700189A4C /* Build configuration list for PBXProject "Micme.One" */;
			compatibilityVersion = "Xcode 8.0";
			developmentRegion = en;
			hasScannedForEncodings = 0;
			knownRegions = (
				en,
				Base,
			);
			mainGroup = 849F46931EF3CC3700189A4C;
			productRefGroup = 849F469D1EF3CC3800189A4C /* Products */;
			projectDirPath = "";
			projectRoot = "";
			targets = (
				849F469B1EF3CC3800189A4C /* Micme.One */,
				849F46AF1EF3CC3800189A4C /* Micme.OneTests */,
				849F46BA1EF3CC3800189A4C /* Micme.OneUITests */,
			);
		};
/* End PBXProject section */

/* Begin PBXResourcesBuildPhase section */
		849F469A1EF3CC3800189A4C /* Resources */ = {
			isa = PBXResourcesBuildPhase;
			buildActionMask = 2147483647;
			files = (
				849F46AA1EF3CC3800189A4C /* LaunchScreen.storyboard in Resources */,
				849F46A71EF3CC3800189A4C /* Assets.xcassets in Resources */,
				849F46A51EF3CC3800189A4C /* Main.storyboard in Resources */,
			);
			runOnlyForDeploymentPostprocessing = 0;
		};
		849F46AE1EF3CC3800189A4C /* Resources */ = {
			isa = PBXResourcesBuildPhase;
			buildActionMask = 2147483647;
			files = (
			);
			runOnlyForDeploymentPostprocessing = 0;
		};
		849F46B91EF3CC3800189A4C /* Resources */ = {
			isa = PBXResourcesBuildPhase;
			buildActionMask = 2147483647;
			files = (
			);
			runOnlyForDeploymentPostprocessing = 0;
		};
/* End PBXResourcesBuildPhase section */

/* Begin PBXSourcesBuildPhase section */
		849F46981EF3CC3800189A4C /* Sources */ = {
			isa = PBXSourcesBuildPhase;
			buildActionMask = 2147483647;
			files = (
				849F46A21EF3CC3800189A4C /* ViewController.swift in Sources */,
				849F46A01EF3CC3800189A4C /* AppDelegate.swift in Sources */,
			);
			runOnlyForDeploymentPostprocessing = 0;
		};
		849F46AC1EF3CC3800189A4C /* Sources */ = {
			isa = PBXSourcesBuildPhase;
			buildActionMask = 2147483647;
			files = (
				849F46B51EF3CC3800189A4C /* Micme_OneTests.swift in Sources */,
			);
			runOnlyForDeploymentPostprocessing = 0;
		};
		849F46B71EF3CC3800189A4C /* Sources */ = {
			isa = PBXSourcesBuildPhase;
			buildActionMask = 2147483647;
			files = (
				849F46C01EF3CC3800189A4C /* Micme_OneUITests.swift in Sources */,
			);
			runOnlyForDeploymentPostprocessing = 0;
		};
/* End PBXSourcesBuildPhase section */

/* Begin PBXTargetDependency section */
		849F46B21EF3CC3800189A4C /* PBXTargetDependency */ = {
			isa = PBXTargetDependency;
			target = 849F469B1EF3CC3800189A4C /* Micme.One */;
			targetProxy = 849F46B11EF3CC3800189A4C /* PBXContainerItemProxy */;
		};
		849F46BD1EF3CC3800189A4C /* PBXTargetDependency */ = {
			isa = PBXTargetDependency;
			target = 849F469B1EF3CC3800189A4C /* Micme.One */;
			targetProxy = 849F46BC1EF3CC3800189A4C /* PBXContainerItemProxy */;
		};
/* End PBXTargetDependency section */

/* Begin PBXVariantGroup section */
		849F46A31EF3CC3800189A4C /* Main.storyboard */ = {
			isa = PBXVariantGroup;
			children = (
				849F46A41EF3CC3800189A4C /* Base */,
			);
			name = Main.storyboard;
			sourceTree = "<group>";
		};
		849F46A81EF3CC3800189A4C /* LaunchScreen.storyboard */ = {
			isa = PBXVariantGroup;
			children = (
				849F46A91EF3CC3800189A4C /* Base */,
			);
			name = LaunchScreen.storyboard;
			sourceTree = "<group>";
		};
/* End PBXVariantGroup section */

/* Begin XCBuildConfiguration section */
		849F46C21EF3CC3800189A4C /* Debug */ = {
			isa = XCBuildConfiguration;
			buildSettings = {
				ALWAYS_SEARCH_USER_PATHS = NO;
				CLANG_ANALYZER_NONNULL = YES;
				CLANG_ANALYZER_NUMBER_OBJECT_CONVERSION = YES_AGGRESSIVE;
				CLANG_CXX_LANGUAGE_STANDARD = "gnu++14";
				CLANG_CXX_LIBRARY = "libc++";
				CLANG_ENABLE_MODULES = YES;
				CLANG_ENABLE_OBJC_ARC = YES;
				CLANG_WARN_BLOCK_CAPTURE_AUTORELEASING = YES;
				CLANG_WARN_BOOL_CONVERSION = YES;
				CLANG_WARN_COMMA = YES;
				CLANG_WARN_CONSTANT_CONVERSION = YES;
				CLANG_WARN_DIRECT_OBJC_ISA_USAGE = YES_ERROR;
				CLANG_WARN_DOCUMENTATION_COMMENTS = YES;
				CLANG_WARN_EMPTY_BODY = YES;
				CLANG_WARN_ENUM_CONVERSION = YES;
				CLANG_WARN_INFINITE_RECURSION = YES;
				CLANG_WARN_INT_CONVERSION = YES;
				CLANG_WARN_OBJC_ROOT_CLASS = YES_ERROR;
				CLANG_WARN_RANGE_LOOP_ANALYSIS = YES;
				CLANG_WARN_STRICT_PROTOTYPES = YES;
				CLANG_WARN_SUSPICIOUS_MOVE = YES;
				CLANG_WARN_UNGUARDED_AVAILABILITY = YES_AGGRESSIVE;
				CLANG_WARN_UNREACHABLE_CODE = YES;
				CLANG_WARN__DUPLICATE_METHOD_MATCH = YES;
				CODE_SIGN_IDENTITY = "iPhone Developer";
				COPY_PHASE_STRIP = NO;
				DEBUG_INFORMATION_FORMAT = dwarf;
				ENABLE_STRICT_OBJC_MSGSEND = YES;
				ENABLE_TESTABILITY = YES;
				GCC_C_LANGUAGE_STANDARD = gnu11;
				GCC_DYNAMIC_NO_PIC = NO;
				GCC_NO_COMMON_BLOCKS = YES;
				GCC_OPTIMIZATION_LEVEL = 0;
				GCC_PREPROCESSOR_DEFINITIONS = (
					"DEBUG=1",
					"$(inherited)",
				);
				GCC_WARN_64_TO_32_BIT_CONVERSION = YES;
				GCC_WARN_ABOUT_RETURN_TYPE = YES_ERROR;
				GCC_WARN_UNDECLARED_SELECTOR = YES;
				GCC_WARN_UNINITIALIZED_AUTOS = YES_AGGRESSIVE;
				GCC_WARN_UNUSED_FUNCTION = YES;
				GCC_WARN_UNUSED_VARIABLE = YES;
				IPHONEOS_DEPLOYMENT_TARGET = 11.0;
				MTL_ENABLE_DEBUG_INFO = YES;
				ONLY_ACTIVE_ARCH = YES;
				SDKROOT = iphoneos;
				SWIFT_ACTIVE_COMPILATION_CONDITIONS = DEBUG;
				SWIFT_OPTIMIZATION_LEVEL = "-Onone";
			};
			name = Debug;
		};
		849F46C31EF3CC3800189A4C /* Release */ = {
			isa = XCBuildConfiguration;
			buildSettings = {
				ALWAYS_SEARCH_USER_PATHS = NO;
				CLANG_ANALYZER_NONNULL = YES;
				CLANG_ANALYZER_NUMBER_OBJECT_CONVERSION = YES_AGGRESSIVE;
				CLANG_CXX_LANGUAGE_STANDARD = "gnu++14";
				CLANG_CXX_LIBRARY = "libc++";
				CLANG_ENABLE_MODULES = YES;
				CLANG_ENABLE_OBJC_ARC = YES;
				CLANG_WARN_BLOCK_CAPTURE_AUTORELEASING = YES;
				CLANG_WARN_BOOL_CONVERSION = YES;
				CLANG_WARN_COMMA = YES;
				CLANG_WARN_CONSTANT_CONVERSION = YES;
				CLANG_WARN_DIRECT_OBJC_ISA_USAGE = YES_ERROR;
				CLANG_WARN_DOCUMENTATION_COMMENTS = YES;
				CLANG_WARN_EMPTY_BODY = YES;
				CLANG_WARN_ENUM_CONVERSION = YES;
				CLANG_WARN_INFINITE_RECURSION = YES;
				CLANG_WARN_INT_CONVERSION = YES;
				CLANG_WARN_OBJC_ROOT_CLASS = YES_ERROR;
				CLANG_WARN_RANGE_LOOP_ANALYSIS = YES;
				CLANG_WARN_STRICT_PROTOTYPES = YES;
				CLANG_WARN_SUSPICIOUS_MOVE = YES;
				CLANG_WARN_UNGUARDED_AVAILABILITY = YES_AGGRESSIVE;
				CLANG_WARN_UNREACHABLE_CODE = YES;
				CLANG_WARN__DUPLICATE_METHOD_MATCH = YES;
				CODE_SIGN_IDENTITY = "iPhone Developer";
				COPY_PHASE_STRIP = NO;
				DEBUG_INFORMATION_FORMAT = "dwarf-with-dsym";
				ENABLE_NS_ASSERTIONS = NO;
				ENABLE_STRICT_OBJC_MSGSEND = YES;
				GCC_C_LANGUAGE_STANDARD = gnu11;
				GCC_NO_COMMON_BLOCKS = YES;
				GCC_WARN_64_TO_32_BIT_CONVERSION = YES;
				GCC_WARN_ABOUT_RETURN_TYPE = YES_ERROR;
				GCC_WARN_UNDECLARED_SELECTOR = YES;
				GCC_WARN_UNINITIALIZED_AUTOS = YES_AGGRESSIVE;
				GCC_WARN_UNUSED_FUNCTION = YES;
				GCC_WARN_UNUSED_VARIABLE = YES;
				IPHONEOS_DEPLOYMENT_TARGET = 11.0;
				MTL_ENABLE_DEBUG_INFO = NO;
				SDKROOT = iphoneos;
				SWIFT_OPTIMIZATION_LEVEL = "-Owholemodule";
				VALIDATE_PRODUCT = YES;
			};
			name = Release;
		};
		849F46C51EF3CC3800189A4C /* Debug */ = {
			isa = XCBuildConfiguration;
			buildSettings = {
				ASSETCATALOG_COMPILER_APPICON_NAME = AppIcon;
				DEVELOPMENT_TEAM = T58RJ7QENS;
				INFOPLIST_FILE = Micme.One/Info.plist;
				LD_RUNPATH_SEARCH_PATHS = "$(inherited) @executable_path/Frameworks";
				PRODUCT_BUNDLE_IDENTIFIER = "camp.code-design.Micme-One";
				PRODUCT_NAME = "$(TARGET_NAME)";
				SWIFT_VERSION = 4.0;
				TARGETED_DEVICE_FAMILY = "1,2";
			};
			name = Debug;
		};
		849F46C61EF3CC3800189A4C /* Release */ = {
			isa = XCBuildConfiguration;
			buildSettings = {
				ASSETCATALOG_COMPILER_APPICON_NAME = AppIcon;
				DEVELOPMENT_TEAM = T58RJ7QENS;
				INFOPLIST_FILE = Micme.One/Info.plist;
				LD_RUNPATH_SEARCH_PATHS = "$(inherited) @executable_path/Frameworks";
				PRODUCT_BUNDLE_IDENTIFIER = "camp.code-design.Micme-One";
				PRODUCT_NAME = "$(TARGET_NAME)";
				SWIFT_VERSION = 4.0;
				TARGETED_DEVICE_FAMILY = "1,2";
			};
			name = Release;
		};
		849F46C81EF3CC3800189A4C /* Debug */ = {
			isa = XCBuildConfiguration;
			buildSettings = {
				ALWAYS_EMBED_SWIFT_STANDARD_LIBRARIES = YES;
				BUNDLE_LOADER = "$(TEST_HOST)";
				DEVELOPMENT_TEAM = T58RJ7QENS;
				INFOPLIST_FILE = Micme.OneTests/Info.plist;
				LD_RUNPATH_SEARCH_PATHS = "$(inherited) @executable_path/Frameworks @loader_path/Frameworks";
				PRODUCT_BUNDLE_IDENTIFIER = "camp.code-design.Micme-OneTests";
				PRODUCT_NAME = "$(TARGET_NAME)";
				SWIFT_VERSION = 4.0;
				TARGETED_DEVICE_FAMILY = "1,2";
				TEST_HOST = "$(BUILT_PRODUCTS_DIR)/Micme.One.app/Micme.One";
			};
			name = Debug;
		};
		849F46C91EF3CC3800189A4C /* Release */ = {
			isa = XCBuildConfiguration;
			buildSettings = {
				ALWAYS_EMBED_SWIFT_STANDARD_LIBRARIES = YES;
				BUNDLE_LOADER = "$(TEST_HOST)";
				DEVELOPMENT_TEAM = T58RJ7QENS;
				INFOPLIST_FILE = Micme.OneTests/Info.plist;
				LD_RUNPATH_SEARCH_PATHS = "$(inherited) @executable_path/Frameworks @loader_path/Frameworks";
				PRODUCT_BUNDLE_IDENTIFIER = "camp.code-design.Micme-OneTests";
				PRODUCT_NAME = "$(TARGET_NAME)";
				SWIFT_VERSION = 4.0;
				TARGETED_DEVICE_FAMILY = "1,2";
				TEST_HOST = "$(BUILT_PRODUCTS_DIR)/Micme.One.app/Micme.One";
			};
			name = Release;
		};
		849F46CB1EF3CC3800189A4C /* Debug */ = {
			isa = XCBuildConfiguration;
			buildSettings = {
				ALWAYS_EMBED_SWIFT_STANDARD_LIBRARIES = YES;
				DEVELOPMENT_TEAM = T58RJ7QENS;
				INFOPLIST_FILE = Micme.OneUITests/Info.plist;
				LD_RUNPATH_SEARCH_PATHS = "$(inherited) @executable_path/Frameworks @loader_path/Frameworks";
				PRODUCT_BUNDLE_IDENTIFIER = "camp.code-design.Micme-OneUITests";
				PRODUCT_NAME = "$(TARGET_NAME)";
				SWIFT_VERSION = 4.0;
				TARGETED_DEVICE_FAMILY = "1,2";
				TEST_TARGET_NAME = Micme.One;
			};
			name = Debug;
		};
		849F46CC1EF3CC3800189A4C /* Release */ = {
			isa = XCBuildConfiguration;
			buildSettings = {
				ALWAYS_EMBED_SWIFT_STANDARD_LIBRARIES = YES;
				DEVELOPMENT_TEAM = T58RJ7QENS;
				INFOPLIST_FILE = Micme.OneUITests/Info.plist;
				LD_RUNPATH_SEARCH_PATHS = "$(inherited) @executable_path/Frameworks @loader_path/Frameworks";
				PRODUCT_BUNDLE_IDENTIFIER = "camp.code-design.Micme-OneUITests";
				PRODUCT_NAME = "$(TARGET_NAME)";
				SWIFT_VERSION = 4.0;
				TARGETED_DEVICE_FAMILY = "1,2";
				TEST_TARGET_NAME = Micme.One;
			};
			name = Release;
		};
/* End XCBuildConfiguration section */

/* Begin XCConfigurationList section */
		849F46971EF3CC3700189A4C /* Build configuration list for PBXProject "Micme.One" */ = {
			isa = XCConfigurationList;
			buildConfigurations = (
				849F46C21EF3CC3800189A4C /* Debug */,
				849F46C31EF3CC3800189A4C /* Release */,
			);
			defaultConfigurationIsVisible = 0;
			defaultConfigurationName = Release;
		};
		849F46C41EF3CC3800189A4C /* Build configuration list for PBXNativeTarget "Micme.One" */ = {
			isa = XCConfigurationList;
			buildConfigurations = (
				849F46C51EF3CC3800189A4C /* Debug */,
				849F46C61EF3CC3800189A4C /* Release */,
			);
			defaultConfigurationIsVisible = 0;
		};
		849F46C71EF3CC3800189A4C /* Build configuration list for PBXNativeTarget "Micme.OneTests" */ = {
			isa = XCConfigurationList;
			buildConfigurations = (
				849F46C81EF3CC3800189A4C /* Debug */,
				849F46C91EF3CC3800189A4C /* Release */,
			);
			defaultConfigurationIsVisible = 0;
		};
		849F46CA1EF3CC3800189A4C /* Build configuration list for PBXNativeTarget "Micme.OneUITests" */ = {
			isa = XCConfigurationList;
			buildConfigurations = (
				849F46CB1EF3CC3800189A4C /* Debug */,
				849F46CC1EF3CC3800189A4C /* Release */,
			);
			defaultConfigurationIsVisible = 0;
		};
/* End XCConfigurationList section */
	};
	rootObject = 849F46941EF3CC3700189A4C /* Project object */;
}
